
Microsoft Visual Studio Solution File, Format Version 12.00
# Visual Studio Version 16
VisualStudioVersion = 16.0.29503.13
MinimumVisualStudioVersion = 10.0.40219.1
Project("{FAE04EC0-301F-11D3-BF4B-00C04F79EFBC}") = "BatteryManager", "BatteryManager\BatteryManager.csproj", "{B9A0D115-6065-43CD-948D-888CF2243BB8}"
EndProject
Global
	GlobalSection(SolutionConfigurationPlatforms) = preSolution
		Debug|Any CPU = Debug|Any CPU
		Release|Any CPU = Release|Any CPU
	EndGlobalSection
	GlobalSection(ProjectConfigurationPlatforms) = postSolution
		{B9A0D115-6065-43CD-948D-888CF2243BB8}.Debug|Any CPU.ActiveCfg = Debug|Any CPU
		{B9A0D115-6065-43CD-948D-888CF2243BB8}.Debug|Any CPU.Build.0 = Debug|Any CPU
		{B9A0D115-6065-43CD-948D-888CF2243BB8}.Release|Any CPU.ActiveCfg = Release|Any CPU
		{B9A0D115-6065-43CD-948D-888CF2243BB8}.Release|Any CPU.Build.0 = Release|Any CPU
	EndGlobalSection
	GlobalSection(SolutionProperties) = preSolution
		HideSolutionNode = FALSE
	EndGlobalSection
	GlobalSection(ExtensibilityGlobals) = postSolution
		SolutionGuid = {EB9DA65B-DC54-4CEE-BE16-1DD2467D8269}
	EndGlobalSection
EndGlobal
